Microsoft Visual Studio Solution File, Format Version 12.00
# Visual Studio Version 17
VisualStudioVersion = 17.5.2.0
MinimumVisualStudioVersion = 10.0.40219.1
Project("{FAE04EC0-301F-11D3-BF4B-00C04F79EFBC}") = "functions", "functions\functions.csproj", "{07F9302D-F97C-3D8E-FF37-A0F2FC5BDE17}"
EndProject
Project("{2150E333-8FDC-42A3-9474-1A3956D46DE8}") = "functions (1)", "functions (1)", "{8C0F68F5-AC70-C9A1-97E7-FDE1EC233670}"
EndProject
Project("{2150E333-8FDC-42A3-9474-1A3956D46DE8}") = "obj", "obj", "{FC55B3DC-F69A-9A0B-C148-95C3D2B4A6D3}"
EndProject
Project("{2150E333-8FDC-42A3-9474-1A3956D46DE8}") = "Debug", "Debug", "{07228D90-18C1-A6E5-03AF-AABD20926162}"
EndProject
Project("{2150E333-8FDC-42A3-9474-1A3956D46DE8}") = "net10.0", "net10.0", "{8A8B73BA-FEAD-7256-513A-310CCD80554A}"
EndProject
Project("{FAE04EC0-301F-11D3-BF4B-00C04F79EFBC}") = "WorkerExtensions", "functions\obj\Debug\net10.0\WorkerExtensions\WorkerExtensions.csproj", "{0EEB27F2-0429-6F26-650B-461C6CC5D053}"
EndProject
Project("{2150E333-8FDC-42A3-9474-1A3956D46DE8}") = "Release", "Release", "{50A2716E-99A6-F685-C0CC-E798B6CBFAA2}"
EndProject
Project("{2150E333-8FDC-42A3-9474-1A3956D46DE8}") = "net10.0", "net10.0", "{896A3042-DEFA-0706-9764-400F3EA9085B}"
EndProject
Project("{FAE04EC0-301F-11D3-BF4B-00C04F79EFBC}") = "WorkerExtensions", "functions\obj\Release\net10.0\WorkerExtensions\WorkerExtensions.csproj", "{601388C2-8D5A-A989-BA7F-632E9BFC050B}"
EndProject
Global
	GlobalSection(SolutionConfigurationPlatforms) = preSolution
		Debug|Any CPU = Debug|Any CPU
		Release|Any CPU = Release|Any CPU
	EndGlobalSection
	GlobalSection(ProjectConfigurationPlatforms) = postSolution
		{07F9302D-F97C-3D8E-FF37-A0F2FC5BDE17}.Debug|Any CPU.ActiveCfg = Debug|Any CPU
		{07F9302D-F97C-3D8E-FF37-A0F2FC5BDE17}.Debug|Any CPU.Build.0 = Debug|Any CPU
		{07F9302D-F97C-3D8E-FF37-A0F2FC5BDE17}.Release|Any CPU.ActiveCfg = Release|Any CPU
		{07F9302D-F97C-3D8E-FF37-A0F2FC5BDE17}.Release|Any CPU.Build.0 = Release|Any CPU
		{0EEB27F2-0429-6F26-650B-461C6CC5D053}.Debug|Any CPU.ActiveCfg = Debug|Any CPU
		{0EEB27F2-0429-6F26-650B-461C6CC5D053}.Debug|Any CPU.Build.0 = Debug|Any CPU
		{0EEB27F2-0429-6F26-650B-461C6CC5D053}.Release|Any CPU.ActiveCfg = Release|Any CPU
		{0EEB27F2-0429-6F26-650B-461C6CC5D053}.Release|Any CPU.Build.0 = Release|Any CPU
		{601388C2-8D5A-A989-BA7F-632E9BFC050B}.Debug|Any CPU.ActiveCfg = Debug|Any CPU
		{601388C2-8D5A-A989-BA7F-632E9BFC050B}.Debug|Any CPU.Build.0 = Debug|Any CPU
		{601388C2-8D5A-A989-BA7F-632E9BFC050B}.Release|Any CPU.ActiveCfg = Release|Any CPU
		{601388C2-8D5A-A989-BA7F-632E9BFC050B}.Release|Any CPU.Build.0 = Release|Any CPU
	EndGlobalSection
	GlobalSection(SolutionProperties) = preSolution
		HideSolutionNode = FALSE
	EndGlobalSection
	GlobalSection(NestedProjects) = preSolution
		{FC55B3DC-F69A-9A0B-C148-95C3D2B4A6D3} = {8C0F68F5-AC70-C9A1-97E7-FDE1EC233670}
		{07228D90-18C1-A6E5-03AF-AABD20926162} = {FC55B3DC-F69A-9A0B-C148-95C3D2B4A6D3}
		{8A8B73BA-FEAD-7256-513A-310CCD80554A} = {07228D90-18C1-A6E5-03AF-AABD20926162}
		{0EEB27F2-0429-6F26-650B-461C6CC5D053} = {8A8B73BA-FEAD-7256-513A-310CCD80554A}
		{50A2716E-99A6-F685-C0CC-E798B6CBFAA2} = {FC55B3DC-F69A-9A0B-C148-95C3D2B4A6D3}
		{896A3042-DEFA-0706-9764-400F3EA9085B} = {50A2716E-99A6-F685-C0CC-E798B6CBFAA2}
		{601388C2-8D5A-A989-BA7F-632E9BFC050B} = {896A3042-DEFA-0706-9764-400F3EA9085B}
	EndGlobalSection
	GlobalSection(ExtensibilityGlobals) = postSolution
		SolutionGuid = {964A4448-68AB-4031-A287-AEFD6B78D246}
	EndGlobalSection
EndGlobal
